<?xml version="1.0" encoding="utf-8"?>
<Project ToolsVersion="4.0" xmlns="http://schemas.microsoft.com/developer/msbuild/2003">
  <ItemGroup>
    <Filter Include="ソース ファイル">
      <UniqueIdentifier>{4FC737F1-C7A5-4376-A066-2A32D752A2FF}</UniqueIdentifier>
      <Extensions>cpp;c;cc;cxx;c++;cppm;ixx;def;odl;idl;hpj;bat;asm;asmx</Extensions>
    </Filter>
    <Filter Include="ヘッダー ファイル">
      <UniqueIdentifier>{93995380-89BD-4b04-88EB-625FBE52EBFB}</UniqueIdentifier>
      <Extensions>h;hh;hpp;hxx;h++;hm;inl;inc;ipp;xsd</Extensions>
    </Filter>
    <Filter Include="ソース ファイル\シーン">
      <UniqueIdentifier>{2eac79df-d471-4c94-af16-5b76f2d6ddca}</UniqueIdentifier>
    </Filter>
    <Filter Include="ヘッダー ファイル\オブジェクト">
      <UniqueIdentifier>{9472430c-2416-4a8f-82ea-7ee1147279b4}</UniqueIdentifier>
    </Filter>
    <Filter Include="ソース ファイル\オブジェクト">
      <UniqueIdentifier>{1052309c-2852-45d0-800d-ffe5b081cbaa}</UniqueIdentifier>
    </Filter>
    <Filter Include="ヘッダー ファイル\シーン">
      <UniqueIdentifier>{6a32f91b-06f7-4bc9-9c6f-9c1de65fd0a5}</UniqueIdentifier>
    </Filter>
    <Filter Include="ライブラリ用ヘッダーファイル">
      <UniqueIdentifier>{05caca3d-783b-4307-9a47-41dc3f163b18}</UniqueIdentifier>
    </Filter>
    <Filter Include="ライブラリ用ソースファイル">
      <UniqueIdentifier>{e93d6900-d129-4c3f-acbd-1f8be7236993}</UniqueIdentifier>
    </Filter>
  </ItemGroup>
  <ItemGroup>
    <ClInclude Include="main.h">
      <Filter>ヘッダー ファイル</Filter>
    </ClInclude>
    <ClInclude Include="game.h">
      <Filter>ヘッダー ファイル\シーン</Filter>
    </ClInclude>
    <ClInclude Include="objBase.h">
      <Filter>ライブラリ用ヘッダーファイル</Filter>
    </ClInclude>
    <ClInclude Include="objChar.h">
      <Filter>ライブラリ用ヘッダーファイル</Filter>
    </ClInclude>
    <ClInclude Include="Scene_Base.h">
      <Filter>ライブラリ用ヘッダーファイル</Filter>
    </ClInclude>
    <ClInclude Include="Scene_Manager.h">
      <Filter>ライブラリ用ヘッダーファイル</Filter>
    </ClInclude>
    <ClInclude Include="library_function.h">
      <Filter>ライブラリ用ヘッダーファイル</Filter>
    </ClInclude>
    <ClInclude Include="2D_function.h">
      <Filter>ライブラリ用ヘッダーファイル</Filter>
    </ClInclude>
    <ClInclude Include="CCamera.h">
      <Filter>ライブラリ用ヘッダーファイル</Filter>
    </ClInclude>
    <ClInclude Include="3D_function.h">
      <Filter>ライブラリ用ヘッダーファイル</Filter>
    </ClInclude>
    <ClInclude Include="function.h">
      <Filter>ライブラリ用ヘッダーファイル</Filter>
    </ClInclude>
  </ItemGroup>
  <ItemGroup>
    <ClCompile Include="main.cpp">
      <Filter>ソース ファイル</Filter>
    </ClCompile>
    <ClCompile Include="game.cpp">
      <Filter>ソース ファイル\シーン</Filter>
    </ClCompile>
    <ClCompile Include="3D_function.cpp">
      <Filter>ライブラリ用ソースファイル</Filter>
    </ClCompile>
    <ClCompile Include="2D_function.cpp">
      <Filter>ライブラリ用ソースファイル</Filter>
    </ClCompile>
    <ClCompile Include="CCamera.cpp">
      <Filter>ライブラリ用ソースファイル</Filter>
    </ClCompile>
    <ClCompile Include="library_function.cpp">
      <Filter>ライブラリ用ソースファイル</Filter>
    </ClCompile>
  </ItemGroup>
</Project>